
Microsoft Visual Studio Solution File, Format Version 12.00
# Visual Studio Version 16
VisualStudioVersion = 16.0.31025.194
MinimumVisualStudioVersion = 10.0.40219.1
Project("{FAE04EC0-301F-11D3-BF4B-00C04F79EFBC}") = "SnapShotApp", "SnapShotApp\SnapShotApp.csproj", "{BC3631DA-20F4-408D-B155-A9DE90856902}"
EndProject
Global
	GlobalSection(SolutionConfigurationPlatforms) = preSolution
		Debug|Any CPU = Debug|Any CPU
		Release|Any CPU = Release|Any CPU
	EndGlobalSection
	GlobalSection(ProjectConfigurationPlatforms) = postSolution
		{BC3631DA-20F4-408D-B155-A9DE90856902}.Debug|Any CPU.ActiveCfg = Release|Any CPU
		{BC3631DA-20F4-408D-B155-A9DE90856902}.Debug|Any CPU.Build.0 = Release|Any CPU
		{BC3631DA-20F4-408D-B155-A9DE90856902}.Release|Any CPU.ActiveCfg = Release|Any CPU
		{BC3631DA-20F4-408D-B155-A9DE90856902}.Release|Any CPU.Build.0 = Release|Any CPU
	EndGlobalSection
	GlobalSection(SolutionProperties) = preSolution
		HideSolutionNode = FALSE
	EndGlobalSection
	GlobalSection(ExtensibilityGlobals) = postSolution
		SolutionGuid = {177B0D31-4456-49FC-BCB9-EF7F2C6FD470}
	EndGlobalSection
EndGlobal
